
Microsoft Visual Studio Solution File, Format Version 12.00
# Visual Studio 2013
VisualStudioVersion = 12.0.21005.1
MinimumVisualStudioVersion = 10.0.40219.1
Project("{FAE04EC0-301F-11D3-BF4B-00C04F79EFBC}") = "2001216095_DangThiDiemQuynh_Buoi2", "2001216095_DangThiDiemQuynh_Buoi2\2001216095_DangThiDiemQuynh_Buoi2.csproj", "{4B1B12AD-2CE5-4F8C-BF5B-A7FCE5676E71}"
EndProject
Project("{FAE04EC0-301F-11D3-BF4B-00C04F79EFBC}") = "Controls_TextBox", "LibComponents\Controls_TextBox.csproj", "{F15412FF-231D-4410-BD85-83D956D3EBFB}"
EndProject
Project("{FAE04EC0-301F-11D3-BF4B-00C04F79EFBC}") = "Controls_DataGridView", "Controls_DataGridView\Controls_DataGridView.csproj", "{35270178-348C-4476-BBCC-F8FFA582EE21}"
EndProject
Project("{FAE04EC0-301F-11D3-BF4B-00C04F79EFBC}") = "Controls_Button", "Controls_Button\Controls_Button.csproj", "{7A1398A3-7E5D-4248-985A-0B629A4B81F9}"
EndProject
Project("{FAE04EC0-301F-11D3-BF4B-00C04F79EFBC}") = "UC_Controls", "UC_Controls\UC_Controls.csproj", "{305CCECF-39F4-4137-8E1A-C0364365246F}"
EndProject
Global
	GlobalSection(SolutionConfigurationPlatforms) = preSolution
		Debug|Any CPU = Debug|Any CPU
		Release|Any CPU = Release|Any CPU
	EndGlobalSection
	GlobalSection(ProjectConfigurationPlatforms) = postSolution
		{4B1B12AD-2CE5-4F8C-BF5B-A7FCE5676E71}.Debug|Any CPU.ActiveCfg = Debug|Any CPU
		{4B1B12AD-2CE5-4F8C-BF5B-A7FCE5676E71}.Debug|Any CPU.Build.0 = Debug|Any CPU
		{4B1B12AD-2CE5-4F8C-BF5B-A7FCE5676E71}.Release|Any CPU.ActiveCfg = Release|Any CPU
		{4B1B12AD-2CE5-4F8C-BF5B-A7FCE5676E71}.Release|Any CPU.Build.0 = Release|Any CPU
		{F15412FF-231D-4410-BD85-83D956D3EBFB}.Debug|Any CPU.ActiveCfg = Debug|Any CPU
		{F15412FF-231D-4410-BD85-83D956D3EBFB}.Debug|Any CPU.Build.0 = Debug|Any CPU
		{F15412FF-231D-4410-BD85-83D956D3EBFB}.Release|Any CPU.ActiveCfg = Release|Any CPU
		{F15412FF-231D-4410-BD85-83D956D3EBFB}.Release|Any CPU.Build.0 = Release|Any CPU
		{35270178-348C-4476-BBCC-F8FFA582EE21}.Debug|Any CPU.ActiveCfg = Debug|Any CPU
		{35270178-348C-4476-BBCC-F8FFA582EE21}.Debug|Any CPU.Build.0 = Debug|Any CPU
		{35270178-348C-4476-BBCC-F8FFA582EE21}.Release|Any CPU.ActiveCfg = Release|Any CPU
		{35270178-348C-4476-BBCC-F8FFA582EE21}.Release|Any CPU.Build.0 = Release|Any CPU
		{7A1398A3-7E5D-4248-985A-0B629A4B81F9}.Debug|Any CPU.ActiveCfg = Debug|Any CPU
		{7A1398A3-7E5D-4248-985A-0B629A4B81F9}.Debug|Any CPU.Build.0 = Debug|Any CPU
		{7A1398A3-7E5D-4248-985A-0B629A4B81F9}.Release|Any CPU.ActiveCfg = Release|Any CPU
		{7A1398A3-7E5D-4248-985A-0B629A4B81F9}.Release|Any CPU.Build.0 = Release|Any CPU
		{305CCECF-39F4-4137-8E1A-C0364365246F}.Debug|Any CPU.ActiveCfg = Debug|Any CPU
		{305CCECF-39F4-4137-8E1A-C0364365246F}.Debug|Any CPU.Build.0 = Debug|Any CPU
		{305CCECF-39F4-4137-8E1A-C0364365246F}.Release|Any CPU.ActiveCfg = Release|Any CPU
		{305CCECF-39F4-4137-8E1A-C0364365246F}.Release|Any CPU.Build.0 = Release|Any CPU
	EndGlobalSection
	GlobalSection(SolutionProperties) = preSolution
		HideSolutionNode = FALSE
	EndGlobalSection
EndGlobal
